
Microsoft Visual Studio Solution File, Format Version 12.00
# Visual Studio Version 17
VisualStudioVersion = 17.7.34031.279
MinimumVisualStudioVersion = 10.0.40219.1
Project("{2150E333-8FDC-42A3-9474-1A3956D46DE8}") = "CoreServices", "CoreServices", "{E24EBA95-2B19-4EFF-A0CE-5C28C031A88C}"
EndProject
Project("{2150E333-8FDC-42A3-9474-1A3956D46DE8}") = "MiddlewareServices", "MiddlewareServices", "{AD10C62A-FA67-42B7-8B46-82C6D2538ED9}"
EndProject
Project("{FAE04EC0-301F-11D3-BF4B-00C04F79EFBC}") = "AccountService.Contracts", "AccountService.Contracts\AccountService.Contracts.csproj", "{7045A25B-E73D-4FC7-80A5-6E753A7BC0AB}"
EndProject
Project("{FAE04EC0-301F-11D3-BF4B-00C04F79EFBC}") = "ORM.Contracts", "ORM.Contracts\ORM.Contracts.csproj", "{65868F02-9AE6-4680-B617-BD5BCECACAE4}"
EndProject
Project("{FAE04EC0-301F-11D3-BF4B-00C04F79EFBC}") = "Middleware.Shared", "Middleware.Shared\Middleware.Shared.csproj", "{F42C7591-592A-4704-BC62-3B6138385423}"
EndProject
Project("{FAE04EC0-301F-11D3-BF4B-00C04F79EFBC}") = "Telegram.Contracts", "Telegram.Contracts\Telegram.Contracts.csproj", "{02076B06-4659-46AC-B21C-03884AE01EFE}"
EndProject
Project("{FAE04EC0-301F-11D3-BF4B-00C04F79EFBC}") = "CoreService.Contracts", "CoreService.Contracts\CoreService.Contracts.csproj", "{8651EC1D-782E-4200-898E-0EA65F9AE7E3}"
EndProject
Project("{FAE04EC0-301F-11D3-BF4B-00C04F79EFBC}") = "FaultToleranceService.Contracts", "FaultToleranceService.Contracts\FaultToleranceService.Contracts.csproj", "{EE7316CC-7E64-4327-9B99-69E3C76BE76C}"
EndProject
Project("{FAE04EC0-301F-11D3-BF4B-00C04F79EFBC}") = "NotificationService.Contracts", "NotificationService.Contracts\NotificationService.Contracts.csproj", "{3C10DD55-38F6-4540-A68C-BB36AA139155}"
EndProject
Project("{FAE04EC0-301F-11D3-BF4B-00C04F79EFBC}") = "UIService.Contracts", "UIService.Contracts\UIService.Contracts.csproj", "{927DFA62-3DAB-4071-A275-D7F74B112628}"
EndProject
Project("{2150E333-8FDC-42A3-9474-1A3956D46DE8}") = "Contracts", "Contracts", "{4B434E29-44D8-4538-A8FD-D8C3DA5BE088}"
EndProject
Project("{2150E333-8FDC-42A3-9474-1A3956D46DE8}") = "Domain", "Domain", "{23DF5FE5-4633-42FC-A3C2-22766B75F23C}"
EndProject
Project("{2150E333-8FDC-42A3-9474-1A3956D46DE8}") = "Contracts", "Contracts", "{1AD28FFA-4B28-44C7-BEBF-D4BC897EF98E}"
EndProject
Project("{2150E333-8FDC-42A3-9474-1A3956D46DE8}") = "Domains", "Domains", "{192069B2-5E5C-4057-92DA-66D0063EC0A6}"
EndProject
Project("{2150E333-8FDC-42A3-9474-1A3956D46DE8}") = "API", "API", "{3392F591-B80F-42E5-A72B-1FF47CF025BF}"
EndProject
Project("{FAE04EC0-301F-11D3-BF4B-00C04F79EFBC}") = "AccountService.API", "AccountService.API\AccountService.API.csproj", "{604CC69B-ED51-4E41-8B78-324C744D0225}"
EndProject
Project("{FAE04EC0-301F-11D3-BF4B-00C04F79EFBC}") = "CoreService.API", "CoreService.API\CoreService.API.csproj", "{0958091A-A5E4-4EF3-AF6B-65820A23F8E6}"
EndProject
Project("{FAE04EC0-301F-11D3-BF4B-00C04F79EFBC}") = "FaultToleranceService.API", "FaultToleranceService.API\FaultToleranceService.API.csproj", "{A667F010-5DDA-4023-B85E-D87820E60B46}"
EndProject
Project("{FAE04EC0-301F-11D3-BF4B-00C04F79EFBC}") = "NotificationService.API", "NotificationService.API\NotificationService.API.csproj", "{C8AB3242-A1A5-4179-BB32-B06F70E87897}"
EndProject
Project("{FAE04EC0-301F-11D3-BF4B-00C04F79EFBC}") = "UIService.API", "UIService.API\UIService.API.csproj", "{8138E014-430C-447A-84CD-357721643261}"
EndProject
Project("{FAE04EC0-301F-11D3-BF4B-00C04F79EFBC}") = "AccountService.Domain", "AccountService.Domain\AccountService.Domain.csproj", "{67353008-8ED2-4033-A007-B6C92D7FA078}"
EndProject
Project("{FAE04EC0-301F-11D3-BF4B-00C04F79EFBC}") = "CoreService.Domain", "CoreService.Domain\CoreService.Domain.csproj", "{8D491805-3A91-49C9-9505-238D3B62742D}"
EndProject
Project("{FAE04EC0-301F-11D3-BF4B-00C04F79EFBC}") = "FaultToleranceService.Domain", "FaultToleranceService.Domain\FaultToleranceService.Domain.csproj", "{118FDE28-C643-452F-A01A-8789C1D8375D}"
EndProject
Project("{FAE04EC0-301F-11D3-BF4B-00C04F79EFBC}") = "NotificationService.Domain", "NotificationService.Domain\NotificationService.Domain.csproj", "{E98EF0B6-0B94-471E-B861-0FB681F55BE7}"
EndProject
Project("{FAE04EC0-301F-11D3-BF4B-00C04F79EFBC}") = "UIService.Domain", "UIService.Domain\UIService.Domain.csproj", "{28F2A3E7-0BF6-4675-ABB8-CCA55CB6E620}"
EndProject
Project("{2150E333-8FDC-42A3-9474-1A3956D46DE8}") = "API", "API", "{2ACFEC78-79F0-4EE5-BF8F-0A8087D85D75}"
EndProject
Project("{FAE04EC0-301F-11D3-BF4B-00C04F79EFBC}") = "Telegram.API", "Telegram.API\Telegram.API.csproj", "{12630AEA-18B6-40E3-9BDF-128B4FC1CCE7}"
EndProject
Project("{FAE04EC0-301F-11D3-BF4B-00C04F79EFBC}") = "Telegram.Domain", "Telegram.Domain\Telegram.Domain.csproj", "{1AD1AE56-C340-48CC-805E-C070FEAFF0DB}"
EndProject
Project("{FAE04EC0-301F-11D3-BF4B-00C04F79EFBC}") = "ORM.Proccessor", "ORM.Proccessor\ORM.Proccessor.csproj", "{F6F4E8F4-1E8D-4A64-92D1-3EA7BB50589F}"
EndProject
Global
	GlobalSection(SolutionConfigurationPlatforms) = preSolution
		Debug|Any CPU = Debug|Any CPU
		Release|Any CPU = Release|Any CPU
	EndGlobalSection
	GlobalSection(ProjectConfigurationPlatforms) = postSolution
		{7045A25B-E73D-4FC7-80A5-6E753A7BC0AB}.Debug|Any CPU.ActiveCfg = Debug|Any CPU
		{7045A25B-E73D-4FC7-80A5-6E753A7BC0AB}.Debug|Any CPU.Build.0 = Debug|Any CPU
		{7045A25B-E73D-4FC7-80A5-6E753A7BC0AB}.Release|Any CPU.ActiveCfg = Release|Any CPU
		{7045A25B-E73D-4FC7-80A5-6E753A7BC0AB}.Release|Any CPU.Build.0 = Release|Any CPU
		{65868F02-9AE6-4680-B617-BD5BCECACAE4}.Debug|Any CPU.ActiveCfg = Debug|Any CPU
		{65868F02-9AE6-4680-B617-BD5BCECACAE4}.Debug|Any CPU.Build.0 = Debug|Any CPU
		{65868F02-9AE6-4680-B617-BD5BCECACAE4}.Release|Any CPU.ActiveCfg = Release|Any CPU
		{65868F02-9AE6-4680-B617-BD5BCECACAE4}.Release|Any CPU.Build.0 = Release|Any CPU
		{F42C7591-592A-4704-BC62-3B6138385423}.Debug|Any CPU.ActiveCfg = Debug|Any CPU
		{F42C7591-592A-4704-BC62-3B6138385423}.Debug|Any CPU.Build.0 = Debug|Any CPU
		{F42C7591-592A-4704-BC62-3B6138385423}.Release|Any CPU.ActiveCfg = Release|Any CPU
		{F42C7591-592A-4704-BC62-3B6138385423}.Release|Any CPU.Build.0 = Release|Any CPU
		{02076B06-4659-46AC-B21C-03884AE01EFE}.Debug|Any CPU.ActiveCfg = Debug|Any CPU
		{02076B06-4659-46AC-B21C-03884AE01EFE}.Debug|Any CPU.Build.0 = Debug|Any CPU
		{02076B06-4659-46AC-B21C-03884AE01EFE}.Release|Any CPU.ActiveCfg = Release|Any CPU
		{02076B06-4659-46AC-B21C-03884AE01EFE}.Release|Any CPU.Build.0 = Release|Any CPU
		{8651EC1D-782E-4200-898E-0EA65F9AE7E3}.Debug|Any CPU.ActiveCfg = Debug|Any CPU
		{8651EC1D-782E-4200-898E-0EA65F9AE7E3}.Debug|Any CPU.Build.0 = Debug|Any CPU
		{8651EC1D-782E-4200-898E-0EA65F9AE7E3}.Release|Any CPU.ActiveCfg = Release|Any CPU
		{8651EC1D-782E-4200-898E-0EA65F9AE7E3}.Release|Any CPU.Build.0 = Release|Any CPU
		{EE7316CC-7E64-4327-9B99-69E3C76BE76C}.Debug|Any CPU.ActiveCfg = Debug|Any CPU
		{EE7316CC-7E64-4327-9B99-69E3C76BE76C}.Debug|Any CPU.Build.0 = Debug|Any CPU
		{EE7316CC-7E64-4327-9B99-69E3C76BE76C}.Release|Any CPU.ActiveCfg = Release|Any CPU
		{EE7316CC-7E64-4327-9B99-69E3C76BE76C}.Release|Any CPU.Build.0 = Release|Any CPU
		{3C10DD55-38F6-4540-A68C-BB36AA139155}.Debug|Any CPU.ActiveCfg = Debug|Any CPU
		{3C10DD55-38F6-4540-A68C-BB36AA139155}.Debug|Any CPU.Build.0 = Debug|Any CPU
		{3C10DD55-38F6-4540-A68C-BB36AA139155}.Release|Any CPU.ActiveCfg = Release|Any CPU
		{3C10DD55-38F6-4540-A68C-BB36AA139155}.Release|Any CPU.Build.0 = Release|Any CPU
		{927DFA62-3DAB-4071-A275-D7F74B112628}.Debug|Any CPU.ActiveCfg = Debug|Any CPU
		{927DFA62-3DAB-4071-A275-D7F74B112628}.Debug|Any CPU.Build.0 = Debug|Any CPU
		{927DFA62-3DAB-4071-A275-D7F74B112628}.Release|Any CPU.ActiveCfg = Release|Any CPU
		{927DFA62-3DAB-4071-A275-D7F74B112628}.Release|Any CPU.Build.0 = Release|Any CPU
		{604CC69B-ED51-4E41-8B78-324C744D0225}.Debug|Any CPU.ActiveCfg = Debug|Any CPU
		{604CC69B-ED51-4E41-8B78-324C744D0225}.Debug|Any CPU.Build.0 = Debug|Any CPU
		{604CC69B-ED51-4E41-8B78-324C744D0225}.Release|Any CPU.ActiveCfg = Release|Any CPU
		{604CC69B-ED51-4E41-8B78-324C744D0225}.Release|Any CPU.Build.0 = Release|Any CPU
		{0958091A-A5E4-4EF3-AF6B-65820A23F8E6}.Debug|Any CPU.ActiveCfg = Debug|Any CPU
		{0958091A-A5E4-4EF3-AF6B-65820A23F8E6}.Debug|Any CPU.Build.0 = Debug|Any CPU
		{0958091A-A5E4-4EF3-AF6B-65820A23F8E6}.Release|Any CPU.ActiveCfg = Release|Any CPU
		{0958091A-A5E4-4EF3-AF6B-65820A23F8E6}.Release|Any CPU.Build.0 = Release|Any CPU
		{A667F010-5DDA-4023-B85E-D87820E60B46}.Debug|Any CPU.ActiveCfg = Debug|Any CPU
		{A667F010-5DDA-4023-B85E-D87820E60B46}.Debug|Any CPU.Build.0 = Debug|Any CPU
		{A667F010-5DDA-4023-B85E-D87820E60B46}.Release|Any CPU.ActiveCfg = Release|Any CPU
		{A667F010-5DDA-4023-B85E-D87820E60B46}.Release|Any CPU.Build.0 = Release|Any CPU
		{C8AB3242-A1A5-4179-BB32-B06F70E87897}.Debug|Any CPU.ActiveCfg = Debug|Any CPU
		{C8AB3242-A1A5-4179-BB32-B06F70E87897}.Debug|Any CPU.Build.0 = Debug|Any CPU
		{C8AB3242-A1A5-4179-BB32-B06F70E87897}.Release|Any CPU.ActiveCfg = Release|Any CPU
		{C8AB3242-A1A5-4179-BB32-B06F70E87897}.Release|Any CPU.Build.0 = Release|Any CPU
		{8138E014-430C-447A-84CD-357721643261}.Debug|Any CPU.ActiveCfg = Debug|Any CPU
		{8138E014-430C-447A-84CD-357721643261}.Debug|Any CPU.Build.0 = Debug|Any CPU
		{8138E014-430C-447A-84CD-357721643261}.Release|Any CPU.ActiveCfg = Release|Any CPU
		{8138E014-430C-447A-84CD-357721643261}.Release|Any CPU.Build.0 = Release|Any CPU
		{67353008-8ED2-4033-A007-B6C92D7FA078}.Debug|Any CPU.ActiveCfg = Debug|Any CPU
		{67353008-8ED2-4033-A007-B6C92D7FA078}.Debug|Any CPU.Build.0 = Debug|Any CPU
		{67353008-8ED2-4033-A007-B6C92D7FA078}.Release|Any CPU.ActiveCfg = Release|Any CPU
		{67353008-8ED2-4033-A007-B6C92D7FA078}.Release|Any CPU.Build.0 = Release|Any CPU
		{8D491805-3A91-49C9-9505-238D3B62742D}.Debug|Any CPU.ActiveCfg = Debug|Any CPU
		{8D491805-3A91-49C9-9505-238D3B62742D}.Debug|Any CPU.Build.0 = Debug|Any CPU
		{8D491805-3A91-49C9-9505-238D3B62742D}.Release|Any CPU.ActiveCfg = Release|Any CPU
		{8D491805-3A91-49C9-9505-238D3B62742D}.Release|Any CPU.Build.0 = Release|Any CPU
		{118FDE28-C643-452F-A01A-8789C1D8375D}.Debug|Any CPU.ActiveCfg = Debug|Any CPU
		{118FDE28-C643-452F-A01A-8789C1D8375D}.Debug|Any CPU.Build.0 = Debug|Any CPU
		{118FDE28-C643-452F-A01A-8789C1D8375D}.Release|Any CPU.ActiveCfg = Release|Any CPU
		{118FDE28-C643-452F-A01A-8789C1D8375D}.Release|Any CPU.Build.0 = Release|Any CPU
		{E98EF0B6-0B94-471E-B861-0FB681F55BE7}.Debug|Any CPU.ActiveCfg = Debug|Any CPU
		{E98EF0B6-0B94-471E-B861-0FB681F55BE7}.Debug|Any CPU.Build.0 = Debug|Any CPU
		{E98EF0B6-0B94-471E-B861-0FB681F55BE7}.Release|Any CPU.ActiveCfg = Release|Any CPU
		{E98EF0B6-0B94-471E-B861-0FB681F55BE7}.Release|Any CPU.Build.0 = Release|Any CPU
		{28F2A3E7-0BF6-4675-ABB8-CCA55CB6E620}.Debug|Any CPU.ActiveCfg = Debug|Any CPU
		{28F2A3E7-0BF6-4675-ABB8-CCA55CB6E620}.Debug|Any CPU.Build.0 = Debug|Any CPU
		{28F2A3E7-0BF6-4675-ABB8-CCA55CB6E620}.Release|Any CPU.ActiveCfg = Release|Any CPU
		{28F2A3E7-0BF6-4675-ABB8-CCA55CB6E620}.Release|Any CPU.Build.0 = Release|Any CPU
		{12630AEA-18B6-40E3-9BDF-128B4FC1CCE7}.Debug|Any CPU.ActiveCfg = Debug|Any CPU
		{12630AEA-18B6-40E3-9BDF-128B4FC1CCE7}.Debug|Any CPU.Build.0 = Debug|Any CPU
		{12630AEA-18B6-40E3-9BDF-128B4FC1CCE7}.Release|Any CPU.ActiveCfg = Release|Any CPU
		{12630AEA-18B6-40E3-9BDF-128B4FC1CCE7}.Release|Any CPU.Build.0 = Release|Any CPU
		{1AD1AE56-C340-48CC-805E-C070FEAFF0DB}.Debug|Any CPU.ActiveCfg = Debug|Any CPU
		{1AD1AE56-C340-48CC-805E-C070FEAFF0DB}.Debug|Any CPU.Build.0 = Debug|Any CPU
		{1AD1AE56-C340-48CC-805E-C070FEAFF0DB}.Release|Any CPU.ActiveCfg = Release|Any CPU
		{1AD1AE56-C340-48CC-805E-C070FEAFF0DB}.Release|Any CPU.Build.0 = Release|Any CPU
		{F6F4E8F4-1E8D-4A64-92D1-3EA7BB50589F}.Debug|Any CPU.ActiveCfg = Debug|Any CPU
		{F6F4E8F4-1E8D-4A64-92D1-3EA7BB50589F}.Debug|Any CPU.Build.0 = Debug|Any CPU
		{F6F4E8F4-1E8D-4A64-92D1-3EA7BB50589F}.Release|Any CPU.ActiveCfg = Release|Any CPU
		{F6F4E8F4-1E8D-4A64-92D1-3EA7BB50589F}.Release|Any CPU.Build.0 = Release|Any CPU
	EndGlobalSection
	GlobalSection(SolutionProperties) = preSolution
		HideSolutionNode = FALSE
	EndGlobalSection
	GlobalSection(NestedProjects) = preSolution
		{7045A25B-E73D-4FC7-80A5-6E753A7BC0AB} = {4B434E29-44D8-4538-A8FD-D8C3DA5BE088}
		{65868F02-9AE6-4680-B617-BD5BCECACAE4} = {1AD28FFA-4B28-44C7-BEBF-D4BC897EF98E}
		{F42C7591-592A-4704-BC62-3B6138385423} = {AD10C62A-FA67-42B7-8B46-82C6D2538ED9}
		{02076B06-4659-46AC-B21C-03884AE01EFE} = {1AD28FFA-4B28-44C7-BEBF-D4BC897EF98E}
		{8651EC1D-782E-4200-898E-0EA65F9AE7E3} = {4B434E29-44D8-4538-A8FD-D8C3DA5BE088}
		{EE7316CC-7E64-4327-9B99-69E3C76BE76C} = {4B434E29-44D8-4538-A8FD-D8C3DA5BE088}
		{3C10DD55-38F6-4540-A68C-BB36AA139155} = {4B434E29-44D8-4538-A8FD-D8C3DA5BE088}
		{927DFA62-3DAB-4071-A275-D7F74B112628} = {4B434E29-44D8-4538-A8FD-D8C3DA5BE088}
		{4B434E29-44D8-4538-A8FD-D8C3DA5BE088} = {E24EBA95-2B19-4EFF-A0CE-5C28C031A88C}
		{23DF5FE5-4633-42FC-A3C2-22766B75F23C} = {E24EBA95-2B19-4EFF-A0CE-5C28C031A88C}
		{1AD28FFA-4B28-44C7-BEBF-D4BC897EF98E} = {AD10C62A-FA67-42B7-8B46-82C6D2538ED9}
		{192069B2-5E5C-4057-92DA-66D0063EC0A6} = {AD10C62A-FA67-42B7-8B46-82C6D2538ED9}
		{3392F591-B80F-42E5-A72B-1FF47CF025BF} = {E24EBA95-2B19-4EFF-A0CE-5C28C031A88C}
		{604CC69B-ED51-4E41-8B78-324C744D0225} = {3392F591-B80F-42E5-A72B-1FF47CF025BF}
		{0958091A-A5E4-4EF3-AF6B-65820A23F8E6} = {3392F591-B80F-42E5-A72B-1FF47CF025BF}
		{A667F010-5DDA-4023-B85E-D87820E60B46} = {3392F591-B80F-42E5-A72B-1FF47CF025BF}
		{C8AB3242-A1A5-4179-BB32-B06F70E87897} = {3392F591-B80F-42E5-A72B-1FF47CF025BF}
		{8138E014-430C-447A-84CD-357721643261} = {3392F591-B80F-42E5-A72B-1FF47CF025BF}
		{67353008-8ED2-4033-A007-B6C92D7FA078} = {23DF5FE5-4633-42FC-A3C2-22766B75F23C}
		{8D491805-3A91-49C9-9505-238D3B62742D} = {23DF5FE5-4633-42FC-A3C2-22766B75F23C}
		{118FDE28-C643-452F-A01A-8789C1D8375D} = {23DF5FE5-4633-42FC-A3C2-22766B75F23C}
		{E98EF0B6-0B94-471E-B861-0FB681F55BE7} = {23DF5FE5-4633-42FC-A3C2-22766B75F23C}
		{28F2A3E7-0BF6-4675-ABB8-CCA55CB6E620} = {23DF5FE5-4633-42FC-A3C2-22766B75F23C}
		{2ACFEC78-79F0-4EE5-BF8F-0A8087D85D75} = {AD10C62A-FA67-42B7-8B46-82C6D2538ED9}
		{12630AEA-18B6-40E3-9BDF-128B4FC1CCE7} = {2ACFEC78-79F0-4EE5-BF8F-0A8087D85D75}
		{1AD1AE56-C340-48CC-805E-C070FEAFF0DB} = {192069B2-5E5C-4057-92DA-66D0063EC0A6}
		{F6F4E8F4-1E8D-4A64-92D1-3EA7BB50589F} = {AD10C62A-FA67-42B7-8B46-82C6D2538ED9}
	EndGlobalSection
	GlobalSection(ExtensibilityGlobals) = postSolution
		SolutionGuid = {568602EF-FED0-4D86-AB7A-638C3C3DB647}
	EndGlobalSection
EndGlobal
